
Microsoft Visual Studio Solution File, Format Version 12.00
# Visual Studio Version 17
VisualStudioVersion = 17.9.34728.123
MinimumVisualStudioVersion = 10.0.40219.1
Project("{9A19103F-16F7-4668-BE54-9A1E7A4F7556}") = "LoginRegisterAPI", "Login&Register\LoginRegisterAPI.csproj", "{E433A709-8E88-430C-8AD9-73B268F960D7}"
EndProject
Project("{9A19103F-16F7-4668-BE54-9A1E7A4F7556}") = "BusinessLayer", "BusinessLayer\BusinessLayer.csproj", "{22398F7E-1C3D-46E3-97BA-B79A632D6FD0}"
EndProject
Project("{9A19103F-16F7-4668-BE54-9A1E7A4F7556}") = "RepositoryLayer", "RepositoryLayer\RepositoryLayer.csproj", "{4D0A3CB8-F735-4542-A751-BF27E7A2B02E}"
EndProject
Project("{9A19103F-16F7-4668-BE54-9A1E7A4F7556}") = "ModelLayer", "ModelLayer\ModelLayer.csproj", "{C51E3908-BEA2-46E4-A4C0-17582BF7D34F}"
EndProject
Project("{FAE04EC0-301F-11D3-BF4B-00C04F79EFBC}") = "RabbitMQConsumer", "RabbitMQConsumer\RabbitMQConsumer.csproj", "{8DBF9754-C3EC-4974-A305-6D952FD13927}"
EndProject
Global
	GlobalSection(SolutionConfigurationPlatforms) = preSolution
		Debug|Any CPU = Debug|Any CPU
		Release|Any CPU = Release|Any CPU
	EndGlobalSection
	GlobalSection(ProjectConfigurationPlatforms) = postSolution
		{E433A709-8E88-430C-8AD9-73B268F960D7}.Debug|Any CPU.ActiveCfg = Debug|Any CPU
		{E433A709-8E88-430C-8AD9-73B268F960D7}.Debug|Any CPU.Build.0 = Debug|Any CPU
		{E433A709-8E88-430C-8AD9-73B268F960D7}.Release|Any CPU.ActiveCfg = Release|Any CPU
		{E433A709-8E88-430C-8AD9-73B268F960D7}.Release|Any CPU.Build.0 = Release|Any CPU
		{22398F7E-1C3D-46E3-97BA-B79A632D6FD0}.Debug|Any CPU.ActiveCfg = Debug|Any CPU
		{22398F7E-1C3D-46E3-97BA-B79A632D6FD0}.Debug|Any CPU.Build.0 = Debug|Any CPU
		{22398F7E-1C3D-46E3-97BA-B79A632D6FD0}.Release|Any CPU.ActiveCfg = Release|Any CPU
		{22398F7E-1C3D-46E3-97BA-B79A632D6FD0}.Release|Any CPU.Build.0 = Release|Any CPU
		{4D0A3CB8-F735-4542-A751-BF27E7A2B02E}.Debug|Any CPU.ActiveCfg = Debug|Any CPU
		{4D0A3CB8-F735-4542-A751-BF27E7A2B02E}.Debug|Any CPU.Build.0 = Debug|Any CPU
		{4D0A3CB8-F735-4542-A751-BF27E7A2B02E}.Release|Any CPU.ActiveCfg = Release|Any CPU
		{4D0A3CB8-F735-4542-A751-BF27E7A2B02E}.Release|Any CPU.Build.0 = Release|Any CPU
		{C51E3908-BEA2-46E4-A4C0-17582BF7D34F}.Debug|Any CPU.ActiveCfg = Debug|Any CPU
		{C51E3908-BEA2-46E4-A4C0-17582BF7D34F}.Debug|Any CPU.Build.0 = Debug|Any CPU
		{C51E3908-BEA2-46E4-A4C0-17582BF7D34F}.Release|Any CPU.ActiveCfg = Release|Any CPU
		{C51E3908-BEA2-46E4-A4C0-17582BF7D34F}.Release|Any CPU.Build.0 = Release|Any CPU
		{8DBF9754-C3EC-4974-A305-6D952FD13927}.Debug|Any CPU.ActiveCfg = Debug|Any CPU
		{8DBF9754-C3EC-4974-A305-6D952FD13927}.Debug|Any CPU.Build.0 = Debug|Any CPU
		{8DBF9754-C3EC-4974-A305-6D952FD13927}.Release|Any CPU.ActiveCfg = Release|Any CPU
		{8DBF9754-C3EC-4974-A305-6D952FD13927}.Release|Any CPU.Build.0 = Release|Any CPU
	EndGlobalSection
	GlobalSection(SolutionProperties) = preSolution
		HideSolutionNode = FALSE
	EndGlobalSection
	GlobalSection(ExtensibilityGlobals) = postSolution
		SolutionGuid = {AAC5A503-A785-45E5-A435-2A8BAE578083}
	EndGlobalSection
EndGlobal
